
Microsoft Visual Studio Solution File, Format Version 12.00
# Visual Studio Version 17
VisualStudioVersion = 17.3.32922.545
MinimumVisualStudioVersion = 10.0.40219.1
Project("{FAE04EC0-301F-11D3-BF4B-00C04F79EFBC}") = "Customer_Info", "Telecommunications\Customer_Info.csproj", "{F92B0B69-0243-49BB-841D-26CEE1C47CFF}"
EndProject
Project("{2150E333-8FDC-42A3-9474-1A3956D46DE8}") = "Plugins", "Plugins", "{567E997D-6B53-4F6A-A95A-9D66F41CDFCF}"
EndProject
Project("{2150E333-8FDC-42A3-9474-1A3956D46DE8}") = "Customer_Info", "Customer_Info", "{41FFDD75-F6C3-44F5-BA18-35B405B0C0FB}"
EndProject
Project("{FAE04EC0-301F-11D3-BF4B-00C04F79EFBC}") = "Telecommunications_Cost", "Telecommunications_Cost\Telecommunications_Cost.csproj", "{AFAD1EC1-A3CA-4A9F-83C8-F15FE5D19DB3}"
EndProject
Global
	GlobalSection(SolutionConfigurationPlatforms) = preSolution
		Debug|Any CPU = Debug|Any CPU
		Release|Any CPU = Release|Any CPU
	EndGlobalSection
	GlobalSection(ProjectConfigurationPlatforms) = postSolution
		{F92B0B69-0243-49BB-841D-26CEE1C47CFF}.Debug|Any CPU.ActiveCfg = Debug|Any CPU
		{F92B0B69-0243-49BB-841D-26CEE1C47CFF}.Debug|Any CPU.Build.0 = Debug|Any CPU
		{F92B0B69-0243-49BB-841D-26CEE1C47CFF}.Release|Any CPU.ActiveCfg = Release|Any CPU
		{F92B0B69-0243-49BB-841D-26CEE1C47CFF}.Release|Any CPU.Build.0 = Release|Any CPU
		{AFAD1EC1-A3CA-4A9F-83C8-F15FE5D19DB3}.Debug|Any CPU.ActiveCfg = Debug|Any CPU
		{AFAD1EC1-A3CA-4A9F-83C8-F15FE5D19DB3}.Debug|Any CPU.Build.0 = Debug|Any CPU
		{AFAD1EC1-A3CA-4A9F-83C8-F15FE5D19DB3}.Release|Any CPU.ActiveCfg = Release|Any CPU
		{AFAD1EC1-A3CA-4A9F-83C8-F15FE5D19DB3}.Release|Any CPU.Build.0 = Release|Any CPU
	EndGlobalSection
	GlobalSection(SolutionProperties) = preSolution
		HideSolutionNode = FALSE
	EndGlobalSection
	GlobalSection(NestedProjects) = preSolution
		{F92B0B69-0243-49BB-841D-26CEE1C47CFF} = {41FFDD75-F6C3-44F5-BA18-35B405B0C0FB}
		{41FFDD75-F6C3-44F5-BA18-35B405B0C0FB} = {567E997D-6B53-4F6A-A95A-9D66F41CDFCF}
	EndGlobalSection
	GlobalSection(ExtensibilityGlobals) = postSolution
		SolutionGuid = {83E36B65-D72F-4CC6-917F-47C8411BC090}
	EndGlobalSection
EndGlobal
